version = 1
revision = 3
requires-python = ">=3.14"

[[package]]
name = "cffi"
version = "2.0.0"
source = { registry = "https://pypi.org/simple" }
dependencies = [
    { name = "pycparser", marker = "implementation_name != 'PyPy'" },
]
sdist = { url = "https://files.pythonhosted.org/packages/eb/56/b1ba7935a17738ae8453301356628e8147c79dbb825bcbc73dc7401f9846/cffi-2.0.0.tar.gz", hash = "sha256:44d1b5909021139fe36001ae048dbdde8214afa20200eda0f64c068cac5d5529", size = 523588, upload-time = "2025-09-08T23:24:04.541Z" }
wheels = [
    { url = "https://files.pythonhosted.org/packages/92/c4/3ce07396253a83250ee98564f8d7e9789fab8e58858f35d07a9a2c78de9f/cffi-2.0.0-cp314-cp314-macosx_10_13_x86_64.whl", hash = "sha256:fc33c5141b55ed366cfaad382df24fe7dcbc686de5be719b207bb248e3053dc5", size = 185320, upload-time = "2025-09-08T23:23:18.087Z" },
    { url = "https://files.pythonhosted.org/packages/59/dd/27e9fa567a23931c838c6b02d0764611c62290062a6d4e8ff7863daf9730/cffi-2.0.0-cp314-cp314-macosx_11_0_arm64.whl", hash = "sha256:c654de545946e0db659b3400168c9ad31b5d29593291482c43e3564effbcee13", size = 181487, upload-time = "2025-09-08T23:23:19.622Z" },
    { url = "https://files.pythonhosted.org/packages/d6/43/0e822876f87ea8a4ef95442c3d766a06a51fc5298823f884ef87aaad168c/cffi-2.0.0-cp314-cp314-manylinux2014_aarch64.manylinux_2_17_aarch64.whl", hash = "sha256:24b6f81f1983e6df8db3adc38562c83f7d4a0c36162885ec7f7b77c7dcbec97b", size = 220049, upload-time = "2025-09-08T23:23:20.853Z" },
    { url = "https://files.pythonhosted.org/packages/b4/89/76799151d9c2d2d1ead63c2429da9ea9d7aac304603de0c6e8764e6e8e70/cffi-2.0.0-cp314-cp314-manylinux2014_ppc64le.manylinux_2_17_ppc64le.whl", hash = "sha256:12873ca6cb9b0f0d3a0da705d6086fe911591737a59f28b7936bdfed27c0d47c", size = 207793, upload-time = "2025-09-08T23:23:22.08Z" },
    { url = "https://files.pythonhosted.org/packages/bb/dd/3465b14bb9e24ee24cb88c9e3730f6de63111fffe513492bf8c808a3547e/cffi-2.0.0-cp314-cp314-manylinux2014_s390x.manylinux_2_17_s390x.whl", hash = "sha256:d9b97165e8aed9272a6bb17c01e3cc5871a594a446ebedc996e2397a1c1ea8ef", size = 206300, upload-time = "2025-09-08T23:23:23.314Z" },
    { url = "https://files.pythonhosted.org/packages/47/d9/d83e293854571c877a92da46fdec39158f8d7e68da75bf73581225d28e90/cffi-2.0.0-cp314-cp314-manylinux2014_x86_64.manylinux_2_17_x86_64.whl", hash = "sha256:afb8db5439b81cf9c9d0c80404b60c3cc9c3add93e114dcae767f1477cb53775", size = 219244, upload-time = "2025-09-08T23:23:24.541Z" },
    { url = "https://files.pythonhosted.org/packages/2b/0f/1f177e3683aead2bb00f7679a16451d302c436b5cbf2505f0ea8146ef59e/cffi-2.0.0-cp314-cp314-musllinux_1_2_aarch64.whl", hash = "sha256:737fe7d37e1a1bffe70bd5754ea763a62a066dc5913ca57e957824b72a85e205", size = 222828, upload-time = "2025-09-08T23:23:26.143Z" },
    { url = "https://files.pythonhosted.org/packages/c6/0f/cafacebd4b040e3119dcb32fed8bdef8dfe94da653155f9d0b9dc660166e/cffi-2.0.0-cp314-cp314-musllinux_1_2_x86_64.whl", hash = "sha256:38100abb9d1b1435bc4cc340bb4489635dc2f0da7456590877030c9b3d40b0c1", size = 220926, upload-time = "2025-09-08T23:23:27.873Z" },
    { url = "https://files.pythonhosted.org/packages/3e/aa/df335faa45b395396fcbc03de2dfcab242cd61a9900e914fe682a59170b1/cffi-2.0.0-cp314-cp314-win32.whl", hash = "sha256:087067fa8953339c723661eda6b54bc98c5625757ea62e95eb4898ad5e776e9f", size = 175328, upload-time = "2025-09-08T23:23:44.61Z" },
    { url = "https://files.pythonhosted.org/packages/bb/92/882c2d30831744296ce713f0feb4c1cd30f346ef747b530b5318715cc367/cffi-2.0.0-cp314-cp314-win_amd64.whl", hash = "sha256:203a48d1fb583fc7d78a4c6655692963b860a417c0528492a6bc21f1aaefab25", size = 185650, upload-time = "2025-09-08T23:23:45.848Z" },
    { url = "https://files.pythonhosted.org/packages/9f/2c/98ece204b9d35a7366b5b2c6539c350313ca13932143e79dc133ba757104/cffi-2.0.0-cp314-cp314-win_arm64.whl", hash = "sha256:dbd5c7a25a7cb98f5ca55d258b103a2054f859a46ae11aaf23134f9cc0d356ad", size = 180687, upload-time = "2025-09-08T23:23:47.105Z" },
    { url = "https://files.pythonhosted.org/packages/3e/61/c768e4d548bfa607abcda77423448df8c471f25dbe64fb2ef6d555eae006/cffi-2.0.0-cp314-cp314t-macosx_10_13_x86_64.whl", hash = "sha256:9a67fc9e8eb39039280526379fb3a70023d77caec1852002b4da7e8b270c4dd9", size = 188773, upload-time = "2025-09-08T23:23:29.347Z" },
    { url = "https://files.pythonhosted.org/packages/2c/ea/5f76bce7cf6fcd0ab1a1058b5af899bfbef198bea4d5686da88471ea0336/cffi-2.0.0-cp314-cp314t-macosx_11_0_arm64.whl", hash = "sha256:7a66c7204d8869299919db4d5069a82f1561581af12b11b3c9f48c584eb8743d", size = 185013, upload-time = "2025-09-08T23:23:30.63Z" },
    { url = "https://files.pythonhosted.org/packages/be/b4/c56878d0d1755cf9caa54ba71e5d049479c52f9e4afc230f06822162ab2f/cffi-2.0.0-cp314-cp314t-manylinux2014_aarch64.manylinux_2_17_aarch64.whl", hash = "sha256:7cc09976e8b56f8cebd752f7113ad07752461f48a58cbba644139015ac24954c", size = 221593, upload-time = "2025-09-08T23:23:31.91Z" },
    { url = "https://files.pythonhosted.org/packages/e0/0d/eb704606dfe8033e7128df5e90fee946bbcb64a04fcdaa97321309004000/cffi-2.0.0-cp314-cp314t-manylinux2014_ppc64le.manylinux_2_17_ppc64le.whl", hash = "sha256:92b68146a71df78564e4ef48af17551a5ddd142e5190cdf2c5624d0c3ff5b2e8", size = 209354, upload-time = "2025-09-08T23:23:33.214Z" },
    { url = "https://files.pythonhosted.org/packages/d8/19/3c435d727b368ca475fb8742ab97c9cb13a0de600ce86f62eab7fa3eea60/cffi-2.0.0-cp314-cp314t-manylinux2014_s390x.manylinux_2_17_s390x.whl", hash = "sha256:b1e74d11748e7e98e2f426ab176d4ed720a64412b6a15054378afdb71e0f37dc", size = 208480, upload-time = "2025-09-08T23:23:34.495Z" },
    { url = "https://files.pythonhosted.org/packages/d0/44/681604464ed9541673e486521497406fadcc15b5217c3e326b061696899a/cffi-2.0.0-cp314-cp314t-manylinux2014_x86_64.manylinux_2_17_x86_64.whl", hash = "sha256:28a3a209b96630bca57cce802da70c266eb08c6e97e5afd61a75611ee6c64592", size = 221584, upload-time = "2025-09-08T23:23:36.096Z" },
    { url = "https://files.pythonhosted.org/packages/25/8e/342a504ff018a2825d395d44d63a767dd8ebc927ebda557fecdaca3ac33a/cffi-2.0.0-cp314-cp314t-musllinux_1_2_aarch64.whl", hash = "sha256:7553fb2090d71822f02c629afe6042c299edf91ba1bf94951165613553984512", size = 224443, upload-time = "2025-09-08T23:23:37.328Z" },
    { url = "https://files.pythonhosted.org/packages/e1/5e/b666bacbbc60fbf415ba9988324a132c9a7a0448a9a8f125074671c0f2c3/cffi-2.0.0-cp314-cp314t-musllinux_1_2_x86_64.whl", hash = "sha256:6c6c373cfc5c83a975506110d17457138c8c63016b563cc9ed6e056a82f13ce4", size = 223437, upload-time = "2025-09-08T23:23:38.945Z" },
    { url = "https://files.pythonhosted.org/packages/a0/1d/ec1a60bd1a10daa292d3cd6bb0b359a81607154fb8165f3ec95fe003b85c/cffi-2.0.0-cp314-cp314t-win32.whl", hash = "sha256:1fc9ea04857caf665289b7a75923f2c6ed559b8298a1b8c49e59f7dd95c8481e", size = 180487, upload-time = "2025-09-08T23:23:40.423Z" },
    { url = "https://files.pythonhosted.org/packages/bf/41/4c1168c74fac325c0c8156f04b6749c8b6a8f405bbf91413ba088359f60d/cffi-2.0.0-cp314-cp314t-win_amd64.whl", hash = "sha256:d68b6cef7827e8641e8ef16f4494edda8b36104d79773a334beaa1e3521430f6", size = 191726, upload-time = "2025-09-08T23:23:41.742Z" },
    { url = "https://files.pythonhosted.org/packages/ae/3a/dbeec9d1ee0844c679f6bb5d6ad4e9f198b1224f4e7a32825f47f6192b0c/cffi-2.0.0-cp314-cp314t-win_arm64.whl", hash = "sha256:0a1527a803f0a659de1af2e1fd700213caba79377e27e4693648c2923da066f9", size = 184195, upload-time = "2025-09-08T23:23:43.004Z" },
]

[[package]]
name = "click"
version = "8.3.0"
source = { registry = "https://pypi.org/simple" }
dependencies = [
    { name = "colorama", marker = "sys_platform == 'win32'" },
]
sdist = { url = "https://files.pythonhosted.org/packages/46/61/de6cd827efad202d7057d93e0fed9294b96952e188f7384832791c7b2254/click-8.3.0.tar.gz", hash = "sha256:e7b8232224eba16f4ebe410c25ced9f7875cb5f3263ffc93cc3e8da705e229c4", size = 276943, upload-time = "2025-09-18T17:32:23.696Z" }
wheels = [
    { url = "https://files.pythonhosted.org/packages/db/d3/9dcc0f5797f070ec8edf30fbadfb200e71d9db6b84d211e3b2085a7589a0/click-8.3.0-py3-none-any.whl", hash = "sha256:9b9f285302c6e3064f4330c05f05b81945b2a39544279343e6e7c5f27a9baddc", size = 107295, upload-time = "2025-09-18T17:32:22.42Z" },
]

[[package]]
name = "colorama"
version = "0.4.6"
source = { registry = "https://pypi.org/simple" }
sdist = { url = "https://files.pythonhosted.org/packages/d8/53/6f443c9a4a8358a93a6792e2acffb9d9d5cb0a5cfd8802644b7b1c9a02e4/colorama-0.4.6.tar.gz", hash = "sha256:08695f5cb7ed6e0531a20572697297273c47b8cae5a63ffc6d6ed5c201be6e44", size = 27697, upload-time = "2022-10-25T02:36:22.414Z" }
wheels = [
    { url = "https://files.pythonhosted.org/packages/d1/d6/3965ed04c63042e047cb6a3e6ed1a63a35087b6a609aa3a15ed8ac56c221/colorama-0.4.6-py2.py3-none-any.whl", hash = "sha256:4f1d9991f5acc0ca119f9d443620b77f9d6b33703e51011c16baf57afb285fc6", size = 25335, upload-time = "2022-10-25T02:36:20.889Z" },
]

[[package]]
name = "cryptography"
version = "46.0.3"
source = { registry = "https://pypi.org/simple" }
dependencies = [
    { name = "cffi", marker = "platform_python_implementation != 'PyPy'" },
]
sdist = { url = "https://files.pythonhosted.org/packages/9f/33/c00162f49c0e2fe8064a62cb92b93e50c74a72bc370ab92f86112b33ff62/cryptography-46.0.3.tar.gz", hash = "sha256:a8b17438104fed022ce745b362294d9ce35b4c2e45c1d958ad4a4b019285f4a1", size = 749258, upload-time = "2025-10-15T23:18:31.74Z" }
wheels = [
    { url = "https://files.pythonhosted.org/packages/1d/42/9c391dd801d6cf0d561b5890549d4b27bafcc53b39c31a817e69d87c625b/cryptography-46.0.3-cp311-abi3-macosx_10_9_universal2.whl", hash = "sha256:109d4ddfadf17e8e7779c39f9b18111a09efb969a301a31e987416a0191ed93a", size = 7225004, upload-time = "2025-10-15T23:16:52.239Z" },
    { url = "https://files.pythonhosted.org/packages/1c/67/38769ca6b65f07461eb200e85fc1639b438bdc667be02cf7f2cd6a64601c/cryptography-46.0.3-cp311-abi3-manylinux2014_aarch64.manylinux_2_17_aarch64.whl", hash = "sha256:09859af8466b69bc3c27bdf4f5d84a665e0f7ab5088412e9e2ec49758eca5cbc", size = 4296667, upload-time = "2025-10-15T23:16:54.369Z" },
    { url = "https://files.pythonhosted.org/packages/5c/49/498c86566a1d80e978b42f0d702795f69887005548c041636df6ae1ca64c/cryptography-46.0.3-cp311-abi3-manylinux2014_x86_64.manylinux_2_17_x86_64.whl", hash = "sha256:01ca9ff2885f3acc98c29f1860552e37f6d7c7d013d7334ff2a9de43a449315d", size = 4450807, upload-time = "2025-10-15T23:16:56.414Z" },
    { url = "https://files.pythonhosted.org/packages/4b/0a/863a3604112174c8624a2ac3c038662d9e59970c7f926acdcfaed8d61142/cryptography-46.0.3-cp311-abi3-manylinux_2_28_aarch64.whl", hash = "sha256:6eae65d4c3d33da080cff9c4ab1f711b15c1d9760809dad6ea763f3812d254cb", size = 4299615, upload-time = "2025-10-15T23:16:58.442Z" },
    { url = "https://files.pythonhosted.org/packages/64/02/b73a533f6b64a69f3cd3872acb6ebc12aef924d8d103133bb3ea750dc703/cryptography-46.0.3-cp311-abi3-manylinux_2_28_armv7l.manylinux_2_31_armv7l.whl", hash = "sha256:e5bf0ed4490068a2e72ac03d786693adeb909981cc596425d09032d372bcc849", size = 4016800, upload-time = "2025-10-15T23:17:00.378Z" },
    { url = "https://files.pythonhosted.org/packages/25/d5/16e41afbfa450cde85a3b7ec599bebefaef16b5c6ba4ec49a3532336ed72/cryptography-46.0.3-cp311-abi3-manylinux_2_28_ppc64le.whl", hash = "sha256:5ecfccd2329e37e9b7112a888e76d9feca2347f12f37918facbb893d7bb88ee8", size = 4984707, upload-time = "2025-10-15T23:17:01.98Z" },
    { url = "https://files.pythonhosted.org/packages/c9/56/e7e69b427c3878352c2fb9b450bd0e19ed552753491d39d7d0a2f5226d41/cryptography-46.0.3-cp311-abi3-manylinux_2_28_x86_64.whl", hash = "sha256:a2c0cd47381a3229c403062f764160d57d4d175e022c1df84e168c6251a22eec", size = 4482541, upload-time = "2025-10-15T23:17:04.078Z" },
    { url = "https://files.pythonhosted.org/packages/78/f6/50736d40d97e8483172f1bb6e698895b92a223dba513b0ca6f06b2365339/cryptography-46.0.3-cp311-abi3-manylinux_2_34_aarch64.whl", hash = "sha256:549e234ff32571b1f4076ac269fcce7a808d3bf98b76c8dd560e42dbc66d7d91", size = 4299464, upload-time = "2025-10-15T23:17:05.483Z" },
    { url = "https://files.pythonhosted.org/packages/00/de/d8e26b1a855f19d9994a19c702fa2e93b0456beccbcfe437eda00e0701f2/cryptography-46.0.3-cp311-abi3-manylinux_2_34_ppc64le.whl", hash = "sha256:c0a7bb1a68a5d3471880e264621346c48665b3bf1c3759d682fc0864c540bd9e", size = 4950838, upload-time = "2025-10-15T23:17:07.425Z" },
    { url = "https://files.pythonhosted.org/packages/8f/29/798fc4ec461a1c9e9f735f2fc58741b0daae30688f41b2497dcbc9ed1355/cryptography-46.0.3-cp311-abi3-manylinux_2_34_x86_64.whl", hash = "sha256:10b01676fc208c3e6feeb25a8b83d81767e8059e1fe86e1dc62d10a3018fa926", size = 4481596, upload-time = "2025-10-15T23:17:09.343Z" },
    { url = "https://files.pythonhosted.org/packages/15/8d/03cd48b20a573adfff7652b76271078e3045b9f49387920e7f1f631d125e/cryptography-46.0.3-cp311-abi3-musllinux_1_2_aarch64.whl", hash = "sha256:0abf1ffd6e57c67e92af68330d05760b7b7efb243aab8377e583284dbab72c71", size = 4426782, upload-time = "2025-10-15T23:17:11.22Z" },
    { url = "https://files.pythonhosted.org/packages/fa/b1/ebacbfe53317d55cf33165bda24c86523497a6881f339f9aae5c2e13e57b/cryptography-46.0.3-cp311-abi3-musllinux_1_2_x86_64.whl", hash = "sha256:a04bee9ab6a4da801eb9b51f1b708a1b5b5c9eb48c03f74198464c66f0d344ac", size = 4698381, upload-time = "2025-10-15T23:17:12.829Z" },
    { url = "https://files.pythonhosted.org/packages/96/92/8a6a9525893325fc057a01f654d7efc2c64b9de90413adcf605a85744ff4/cryptography-46.0.3-cp311-abi3-win32.whl", hash = "sha256:f260d0d41e9b4da1ed1e0f1ce571f97fe370b152ab18778e9e8f67d6af432018", size = 3055988, upload-time = "2025-10-15T23:17:14.65Z" },
    { url = "https://files.pythonhosted.org/packages/7e/bf/80fbf45253ea585a1e492a6a17efcb93467701fa79e71550a430c5e60df0/cryptography-46.0.3-cp311-abi3-win_amd64.whl", hash = "sha256:a9a3008438615669153eb86b26b61e09993921ebdd75385ddd748702c5adfddb", size = 3514451, upload-time = "2025-10-15T23:17:16.142Z" },
    { url = "https://files.pythonhosted.org/packages/2e/af/9b302da4c87b0beb9db4e756386a7c6c5b8003cd0e742277888d352ae91d/cryptography-46.0.3-cp311-abi3-win_arm64.whl", hash = "sha256:5d7f93296ee28f68447397bf5198428c9aeeab45705a55d53a6343455dcb2c3c", size = 2928007, upload-time = "2025-10-15T23:17:18.04Z" },
    { url = "https://files.pythonhosted.org/packages/f5/e2/a510aa736755bffa9d2f75029c229111a1d02f8ecd5de03078f4c18d91a3/cryptography-46.0.3-cp314-cp314t-macosx_10_9_universal2.whl", hash = "sha256:00a5e7e87938e5ff9ff5447ab086a5706a957137e6e433841e9d24f38a065217", size = 7158012, upload-time = "2025-10-15T23:17:19.982Z" },
    { url = "https://files.pythonhosted.org/packages/73/dc/9aa866fbdbb95b02e7f9d086f1fccfeebf8953509b87e3f28fff927ff8a0/cryptography-46.0.3-cp314-cp314t-manylinux2014_aarch64.manylinux_2_17_aarch64.whl", hash = "sha256:c8daeb2d2174beb4575b77482320303f3d39b8e81153da4f0fb08eb5fe86a6c5", size = 4288728, upload-time = "2025-10-15T23:17:21.527Z" },
    { url = "https://files.pythonhosted.org/packages/c5/fd/bc1daf8230eaa075184cbbf5f8cd00ba9db4fd32d63fb83da4671b72ed8a/cryptography-46.0.3-cp314-cp314t-manylinux2014_x86_64.manylinux_2_17_x86_64.whl", hash = "sha256:39b6755623145ad5eff1dab323f4eae2a32a77a7abef2c5089a04a3d04366715", size = 4435078, upload-time = "2025-10-15T23:17:23.042Z" },
    { url = "https://files.pythonhosted.org/packages/82/98/d3bd5407ce4c60017f8ff9e63ffee4200ab3e23fe05b765cab805a7db008/cryptography-46.0.3-cp314-cp314t-manylinux_2_28_aarch64.whl", hash = "sha256:db391fa7c66df6762ee3f00c95a89e6d428f4d60e7abc8328f4fe155b5ac6e54", size = 4293460, upload-time = "2025-10-15T23:17:24.885Z" },
    { url = "https://files.pythonhosted.org/packages/26/e9/e23e7900983c2b8af7a08098db406cf989d7f09caea7897e347598d4cd5b/cryptography-46.0.3-cp314-cp314t-manylinux_2_28_armv7l.manylinux_2_31_armv7l.whl", hash = "sha256:78a97cf6a8839a48c49271cdcbd5cf37ca2c1d6b7fdd86cc864f302b5e9bf459", size = 3995237, upload-time = "2025-10-15T23:17:26.449Z" },
    { url = "https://files.pythonhosted.org/packages/91/15/af68c509d4a138cfe299d0d7ddb14afba15233223ebd933b4bbdbc7155d3/cryptography-46.0.3-cp314-cp314t-manylinux_2_28_ppc64le.whl", hash = "sha256:dfb781ff7eaa91a6f7fd41776ec37c5853c795d3b358d4896fdbb5df168af422", size = 4967344, upload-time = "2025-10-15T23:17:28.06Z" },
    { url = "https://files.pythonhosted.org/packages/ca/e3/8643d077c53868b681af077edf6b3cb58288b5423610f21c62aadcbe99f4/cryptography-46.0.3-cp314-cp314t-manylinux_2_28_x86_64.whl", hash = "sha256:6f61efb26e76c45c4a227835ddeae96d83624fb0d29eb5df5b96e14ed1a0afb7", size = 4466564, upload-time = "2025-10-15T23:17:29.665Z" },
    { url = "https://files.pythonhosted.org/packages/0e/43/c1e8726fa59c236ff477ff2b5dc071e54b21e5a1e51aa2cee1676f1c986f/cryptography-46.0.3-cp314-cp314t-manylinux_2_34_aarch64.whl", hash = "sha256:23b1a8f26e43f47ceb6d6a43115f33a5a37d57df4ea0ca295b780ae8546e8044", size = 4292415, upload-time = "2025-10-15T23:17:31.686Z" },
    { url = "https://files.pythonhosted.org/packages/42/f9/2f8fefdb1aee8a8e3256a0568cffc4e6d517b256a2fe97a029b3f1b9fe7e/cryptography-46.0.3-cp314-cp314t-manylinux_2_34_ppc64le.whl", hash = "sha256:b419ae593c86b87014b9be7396b385491ad7f320bde96826d0dd174459e54665", size = 4931457, upload-time = "2025-10-15T23:17:33.478Z" },
    { url = "https://files.pythonhosted.org/packages/79/30/9b54127a9a778ccd6d27c3da7563e9f2d341826075ceab89ae3b41bf5be2/cryptography-46.0.3-cp314-cp314t-manylinux_2_34_x86_64.whl", hash = "sha256:50fc3343ac490c6b08c0cf0d704e881d0d660be923fd3076db3e932007e726e3", size = 4466074, upload-time = "2025-10-15T23:17:35.158Z" },
    { url = "https://files.pythonhosted.org/packages/ac/68/b4f4a10928e26c941b1b6a179143af9f4d27d88fe84a6a3c53592d2e76bf/cryptography-46.0.3-cp314-cp314t-musllinux_1_2_aarch64.whl", hash = "sha256:22d7e97932f511d6b0b04f2bfd818d73dcd5928db509460aaf48384778eb6d20", size = 4420569, upload-time = "2025-10-15T23:17:37.188Z" },
    { url = "https://files.pythonhosted.org/packages/a3/49/3746dab4c0d1979888f125226357d3262a6dd40e114ac29e3d2abdf1ec55/cryptography-46.0.3-cp314-cp314t-musllinux_1_2_x86_64.whl", hash = "sha256:d55f3dffadd674514ad19451161118fd010988540cee43d8bc20675e775925de", size = 4681941, upload-time = "2025-10-15T23:17:39.236Z" },
    { url = "https://files.pythonhosted.org/packages/fd/30/27654c1dbaf7e4a3531fa1fc77986d04aefa4d6d78259a62c9dc13d7ad36/cryptography-46.0.3-cp314-cp314t-win32.whl", hash = "sha256:8a6e050cb6164d3f830453754094c086ff2d0b2f3a897a1d9820f6139a1f0914", size = 3022339, upload-time = "2025-10-15T23:17:40.888Z" },
    { url = "https://files.pythonhosted.org/packages/f6/30/640f34ccd4d2a1bc88367b54b926b781b5a018d65f404d409aba76a84b1c/cryptography-46.0.3-cp314-cp314t-win_amd64.whl", hash = "sha256:760f83faa07f8b64e9c33fc963d790a2edb24efb479e3520c14a45741cd9b2db", size = 3494315, upload-time = "2025-10-15T23:17:42.769Z" },
    { url = "https://files.pythonhosted.org/packages/ba/8b/88cc7e3bd0a8e7b861f26981f7b820e1f46aa9d26cc482d0feba0ecb4919/cryptography-46.0.3-cp314-cp314t-win_arm64.whl", hash = "sha256:516ea134e703e9fe26bcd1277a4b59ad30586ea90c365a87781d7887a646fe21", size = 2919331, upload-time = "2025-10-15T23:17:44.468Z" },
    { url = "https://files.pythonhosted.org/packages/fd/23/45fe7f376a7df8daf6da3556603b36f53475a99ce4faacb6ba2cf3d82021/cryptography-46.0.3-cp38-abi3-macosx_10_9_universal2.whl", hash = "sha256:cb3d760a6117f621261d662bccc8ef5bc32ca673e037c83fbe565324f5c46936", size = 7218248, upload-time = "2025-10-15T23:17:46.294Z" },
    { url = "https://files.pythonhosted.org/packages/27/32/b68d27471372737054cbd34c84981f9edbc24fe67ca225d389799614e27f/cryptography-46.0.3-cp38-abi3-manylinux2014_aarch64.manylinux_2_17_aarch64.whl", hash = "sha256:4b7387121ac7d15e550f5cb4a43aef2559ed759c35df7336c402bb8275ac9683", size = 4294089, upload-time = "2025-10-15T23:17:48.269Z" },
    { url = "https://files.pythonhosted.org/packages/26/42/fa8389d4478368743e24e61eea78846a0006caffaf72ea24a15159215a14/cryptography-46.0.3-cp38-abi3-manylinux2014_x86_64.manylinux_2_17_x86_64.whl", hash = "sha256:15ab9b093e8f09daab0f2159bb7e47532596075139dd74365da52ecc9cb46c5d", size = 4440029, upload-time = "2025-10-15T23:17:49.837Z" },
    { url = "https://files.pythonhosted.org/packages/5f/eb/f483db0ec5ac040824f269e93dd2bd8a21ecd1027e77ad7bdf6914f2fd80/cryptography-46.0.3-cp38-abi3-manylinux_2_28_aarch64.whl", hash = "sha256:46acf53b40ea38f9c6c229599a4a13f0d46a6c3fa9ef19fc1a124d62e338dfa0", size = 4297222, upload-time = "2025-10-15T23:17:51.357Z" },
    { url = "https://files.pythonhosted.org/packages/fd/cf/da9502c4e1912cb1da3807ea3618a6829bee8207456fbbeebc361ec38ba3/cryptography-46.0.3-cp38-abi3-manylinux_2_28_armv7l.manylinux_2_31_armv7l.whl", hash = "sha256:10ca84c4668d066a9878890047f03546f3ae0a6b8b39b697457b7757aaf18dbc", size = 4012280, upload-time = "2025-10-15T23:17:52.964Z" },
    { url = "https://files.pythonhosted.org/packages/6b/8f/9adb86b93330e0df8b3dcf03eae67c33ba89958fc2e03862ef1ac2b42465/cryptography-46.0.3-cp38-abi3-manylinux_2_28_ppc64le.whl", hash = "sha256:36e627112085bb3b81b19fed209c05ce2a52ee8b15d161b7c643a7d5a88491f3", size = 4978958, upload-time = "2025-10-15T23:17:54.965Z" },
    { url = "https://files.pythonhosted.org/packages/d1/a0/5fa77988289c34bdb9f913f5606ecc9ada1adb5ae870bd0d1054a7021cc4/cryptography-46.0.3-cp38-abi3-manylinux_2_28_x86_64.whl", hash = "sha256:1000713389b75c449a6e979ffc7dcc8ac90b437048766cef052d4d30b8220971", size = 4473714, upload-time = "2025-10-15T23:17:56.754Z" },
    { url = "https://files.pythonhosted.org/packages/14/e5/fc82d72a58d41c393697aa18c9abe5ae1214ff6f2a5c18ac470f92777895/cryptography-46.0.3-cp38-abi3-manylinux_2_34_aarch64.whl", hash = "sha256:b02cf04496f6576afffef5ddd04a0cb7d49cf6be16a9059d793a30b035f6b6ac", size = 4296970, upload-time = "2025-10-15T23:17:58.588Z" },
    { url = "https://files.pythonhosted.org/packages/78/06/5663ed35438d0b09056973994f1aec467492b33bd31da36e468b01ec1097/cryptography-46.0.3-cp38-abi3-manylinux_2_34_ppc64le.whl", hash = "sha256:71e842ec9bc7abf543b47cf86b9a743baa95f4677d22baa4c7d5c69e49e9bc04", size = 4940236, upload-time = "2025-10-15T23:18:00.897Z" },
    { url = "https://files.pythonhosted.org/packages/fc/59/873633f3f2dcd8a053b8dd1d38f783043b5fce589c0f6988bf55ef57e43e/cryptography-46.0.3-cp38-abi3-manylinux_2_34_x86_64.whl", hash = "sha256:402b58fc32614f00980b66d6e56a5b4118e6cb362ae8f3fda141ba4689bd4506", size = 4472642, upload-time = "2025-10-15T23:18:02.749Z" },
    { url = "https://files.pythonhosted.org/packages/3d/39/8e71f3930e40f6877737d6f69248cf74d4e34b886a3967d32f919cc50d3b/cryptography-46.0.3-cp38-abi3-musllinux_1_2_aarch64.whl", hash = "sha256:ef639cb3372f69ec44915fafcd6698b6cc78fbe0c2ea41be867f6ed612811963", size = 4423126, upload-time = "2025-10-15T23:18:04.85Z" },
    { url = "https://files.pythonhosted.org/packages/cd/c7/f65027c2810e14c3e7268353b1681932b87e5a48e65505d8cc17c99e36ae/cryptography-46.0.3-cp38-abi3-musllinux_1_2_x86_64.whl", hash = "sha256:3b51b8ca4f1c6453d8829e1eb7299499ca7f313900dd4d89a24b8b87c0a780d4", size = 4686573, upload-time = "2025-10-15T23:18:06.908Z" },
    { url = "https://files.pythonhosted.org/packages/0a/6e/1c8331ddf91ca4730ab3086a0f1be19c65510a33b5a441cb334e7a2d2560/cryptography-46.0.3-cp38-abi3-win32.whl", hash = "sha256:6276eb85ef938dc035d59b87c8a7dc559a232f954962520137529d77b18ff1df", size = 3036695, upload-time = "2025-10-15T23:18:08.672Z" },
    { url = "https://files.pythonhosted.org/packages/90/45/b0d691df20633eff80955a0fc7695ff9051ffce8b69741444bd9ed7bd0db/cryptography-46.0.3-cp38-abi3-win_amd64.whl", hash = "sha256:416260257577718c05135c55958b674000baef9a1c7d9e8f306ec60d71db850f", size = 3501720, upload-time = "2025-10-15T23:18:10.632Z" },
    { url = "https://files.pythonhosted.org/packages/e8/cb/2da4cc83f5edb9c3257d09e1e7ab7b23f049c7962cae8d842bbef0a9cec9/cryptography-46.0.3-cp38-abi3-win_arm64.whl", hash = "sha256:d89c3468de4cdc4f08a57e214384d0471911a3830fcdaf7a8cc587e42a866372", size = 2918740, upload-time = "2025-10-15T23:18:12.277Z" },
]

[[package]]
name = "gsan"
version = "5.0.0"
source = { editable = "." }
dependencies = [
    { name = "cryptography" },
    { name = "pyasn1" },
    { name = "pyopenssl" },
    { name = "rich" },
    { name = "typer" },
]

[package.dev-dependencies]
dev = [
    { name = "pytest" },
]

[package.metadata]
requires-dist = [
    { name = "cryptography" },
    { name = "pyasn1" },
    { name = "pyopenssl" },
    { name = "rich" },
    { name = "typer" },
]

[package.metadata.requires-dev]
dev = [{ name = "pytest", specifier = ">=8" }]

[[package]]
name = "iniconfig"
version = "2.3.0"
source = { registry = "https://pypi.org/simple" }
sdist = { url = "https://files.pythonhosted.org/packages/72/34/14ca021ce8e5dfedc35312d08ba8bf51fdd999c576889fc2c24cb97f4f10/iniconfig-2.3.0.tar.gz", hash = "sha256:c76315c77db068650d49c5b56314774a7804df16fee4402c1f19d6d15d8c4730", size = 20503, upload-time = "2025-10-18T21:55:43.219Z" }
wheels = [
    { url = "https://files.pythonhosted.org/packages/cb/b1/3846dd7f199d53cb17f49cba7e651e9ce294d8497c8c150530ed11865bb8/iniconfig-2.3.0-py3-none-any.whl", hash = "sha256:f631c04d2c48c52b84d0d0549c99ff3859c98df65b3101406327ecc7d53fbf12", size = 7484, upload-time = "2025-10-18T21:55:41.639Z" },
]

[[package]]
name = "markdown-it-py"
version = "4.0.0"
source = { registry = "https://pypi.org/simple" }
dependencies = [
    { name = "mdurl" },
]
sdist = { url = "https://files.pythonhosted.org/packages/5b/f5/4ec618ed16cc4f8fb3b701563655a69816155e79e24a17b651541804721d/markdown_it_py-4.0.0.tar.gz", hash = "sha256:cb0a2b4aa34f932c007117b194e945bd74e0ec24133ceb5bac59009cda1cb9f3", size = 73070, upload-time = "2025-08-11T12:57:52.854Z" }
wheels = [
    { url = "https://files.pythonhosted.org/packages/94/54/e7d793b573f298e1c9013b8c4dade17d481164aa517d1d7148619c2cedbf/markdown_it_py-4.0.0-py3-none-any.whl", hash = "sha256:87327c59b172c5011896038353a81343b6754500a08cd7a4973bb48c6d578147", size = 87321, upload-time = "2025-08-11T12:57:51.923Z" },
]

[[package]]
name = "mdurl"
version = "0.1.2"
source = { registry = "https://pypi.org/simple" }
sdist = { url = "https://files.pythonhosted.org/packages/d6/54/cfe61301667036ec958cb99bd3efefba235e65cdeb9c84d24a8293ba1d90/mdurl-0.1.2.tar.gz", hash = "sha256:bb413d29f5eea38f31dd4754dd7377d4465116fb207585f97bf925588687c1ba", size = 8729, upload-time = "2022-08-14T12:40:10.846Z" }
wheels = [
    { url = "https://files.pythonhosted.org/packages/b3/38/89ba8ad64ae25be8de66a6d463314cf1eb366222074cfda9ee839c56a4b4/mdurl-0.1.2-py3-none-any.whl", hash = "sha256:84008a41e51615a49fc9966191ff91509e3c40b939176e643fd50a5c2196b8f8", size = 9979, upload-time = "2022-08-14T12:40:09.779Z" },
]

[[package]]
name = "packaging"
version = "26.2"
source = { registry = "https://pypi.org/simple" }
sdist = { url = "https://files.pythonhosted.org/packages/d7/f1/e7a6dd94a8d4a5626c03e4e99c87f241ba9e350cd9e6d75123f992427270/packaging-26.2.tar.gz", hash = "sha256:ff452ff5a3e828ce110190feff1178bb1f2ea2281fa2075aadb987c2fb221661", size = 228134, upload-time = "2026-04-24T20:15:23.917Z" }
wheels = [
    { url = "https://files.pythonhosted.org/packages/df/b2/87e62e8c3e2f4b32e5fe99e0b86d576da1312593b39f47d8ceef365e95ed/packaging-26.2-py3-none-any.whl", hash = "sha256:5fc45236b9446107ff2415ce77c807cee2862cb6fac22b8a73826d0693b0980e", size = 100195, upload-time = "2026-04-24T20:15:22.081Z" },
]

[[package]]
name = "pluggy"
version = "1.6.0"
source = { registry = "https://pypi.org/simple" }
sdist = { url = "https://files.pythonhosted.org/packages/f9/e2/3e91f31a7d2b083fe6ef3fa267035b518369d9511ffab804f839851d2779/pluggy-1.6.0.tar.gz", hash = "sha256:7dcc130b76258d33b90f61b658791dede3486c3e6bfb003ee5c9bfb396dd22f3", size = 69412, upload-time = "2025-05-15T12:30:07.975Z" }
wheels = [
    { url = "https://files.pythonhosted.org/packages/54/20/4d324d65cc6d9205fabedc306948156824eb9f0ee1633355a8f7ec5c66bf/pluggy-1.6.0-py3-none-any.whl", hash = "sha256:e920276dd6813095e9377c0bc5566d94c932c33b27a3e3945d8389c374dd4746", size = 20538, upload-time = "2025-05-15T12:30:06.134Z" },
]

[[package]]
name = "pyasn1"
version = "0.6.1"
source = { registry = "https://pypi.org/simple" }
sdist = { url = "https://files.pythonhosted.org/packages/ba/e9/01f1a64245b89f039897cb0130016d79f77d52669aae6ee7b159a6c4c018/pyasn1-0.6.1.tar.gz", hash = "sha256:6f580d2bdd84365380830acf45550f2511469f673cb4a5ae3857a3170128b034", size = 145322, upload-time = "2024-09-10T22:41:42.55Z" }
wheels = [
    { url = "https://files.pythonhosted.org/packages/c8/f1/d6a797abb14f6283c0ddff96bbdd46937f64122b8c925cab503dd37f8214/pyasn1-0.6.1-py3-none-any.whl", hash = "sha256:0d632f46f2ba09143da3a8afe9e33fb6f92fa2320ab7e886e2d0f7672af84629", size = 83135, upload-time = "2024-09-11T16:00:36.122Z" },
]

[[package]]
name = "pycparser"
version = "2.23"
source = { registry = "https://pypi.org/simple" }
sdist = { url = "https://files.pythonhosted.org/packages/fe/cf/d2d3b9f5699fb1e4615c8e32ff220203e43b248e1dfcc6736ad9057731ca/pycparser-2.23.tar.gz", hash = "sha256:78816d4f24add8f10a06d6f05b4d424ad9e96cfebf68a4ddc99c65c0720d00c2", size = 173734, upload-time = "2025-09-09T13:23:47.91Z" }
wheels = [
    { url = "https://files.pythonhosted.org/packages/a0/e3/59cd50310fc9b59512193629e1984c1f95e5c8ae6e5d8c69532ccc65a7fe/pycparser-2.23-py3-none-any.whl", hash = "sha256:e5c6e8d3fbad53479cab09ac03729e0a9faf2bee3db8208a550daf5af81a5934", size = 118140, upload-time = "2025-09-09T13:23:46.651Z" },
]

[[package]]
name = "pygments"
version = "2.19.2"
source = { registry = "https://pypi.org/simple" }
sdist = { url = "https://files.pythonhosted.org/packages/b0/77/a5b8c569bf593b0140bde72ea885a803b82086995367bf2037de0159d924/pygments-2.19.2.tar.gz", hash = "sha256:636cb2477cec7f8952536970bc533bc43743542f70392ae026374600add5b887", size = 4968631, upload-time = "2025-06-21T13:39:12.283Z" }
wheels = [
    { url = "https://files.pythonhosted.org/packages/c7/21/705964c7812476f378728bdf590ca4b771ec72385c533964653c68e86bdc/pygments-2.19.2-py3-none-any.whl", hash = "sha256:86540386c03d588bb81d44bc3928634ff26449851e99741617ecb9037ee5ec0b", size = 1225217, upload-time = "2025-06-21T13:39:07.939Z" },
]

[[package]]
name = "pyopenssl"
version = "25.3.0"
source = { registry = "https://pypi.org/simple" }
dependencies = [
    { name = "cryptography" },
]
sdist = { url = "https://files.pythonhosted.org/packages/80/be/97b83a464498a79103036bc74d1038df4a7ef0e402cfaf4d5e113fb14759/pyopenssl-25.3.0.tar.gz", hash = "sha256:c981cb0a3fd84e8602d7afc209522773b94c1c2446a3c710a75b06fe1beae329", size = 184073, upload-time = "2025-09-17T00:32:21.037Z" }
wheels = [
    { url = "https://files.pythonhosted.org/packages/d1/81/ef2b1dfd1862567d573a4fdbc9f969067621764fbb74338496840a1d2977/pyopenssl-25.3.0-py3-none-any.whl", hash = "sha256:1fda6fc034d5e3d179d39e59c1895c9faeaf40a79de5fc4cbbfbe0d36f4a77b6", size = 57268, upload-time = "2025-09-17T00:32:19.474Z" },
]

[[package]]
name = "pytest"
version = "9.1.1"
source = { registry = "https://pypi.org/simple" }
dependencies = [
    { name = "colorama", marker = "sys_platform == 'win32'" },
    { name = "iniconfig" },
    { name = "packaging" },
    { name = "pluggy" },
    { name = "pygments" },
]
sdist = { url = "https://files.pythonhosted.org/packages/e4/47/b9efed96c114afcfa3c9d3fe98a76a1d14c74a9e266d397cf6eb64be5e01/pytest-9.1.1.tar.gz", hash = "sha256:1088fbde8f2b49d95a549a195707afa7a76a3ce9bcadc26b6d71f0ffda5fe313", size = 1636369, upload-time = "2026-06-19T10:58:32.857Z" }
wheels = [
    { url = "https://files.pythonhosted.org/packages/24/25/1de2678b631f5a49215c6c96fff41ba892b0a34df68d6d80292b1b48aa7f/pytest-9.1.1-py3-none-any.whl", hash = "sha256:37a86b45efb9a47a61a36449063e8e18d0cab3161329fc099eb21783169c4f0c", size = 386536, upload-time = "2026-06-19T10:58:31.347Z" },
]

[[package]]
name = "rich"
version = "14.2.0"
source = { registry = "https://pypi.org/simple" }
dependencies = [
    { name = "markdown-it-py" },
    { name = "pygments" },
]
sdist = { url = "https://files.pythonhosted.org/packages/fb/d2/8920e102050a0de7bfabeb4c4614a49248cf8d5d7a8d01885fbb24dc767a/rich-14.2.0.tar.gz", hash = "sha256:73ff50c7c0c1c77c8243079283f4edb376f0f6442433aecb8ce7e6d0b92d1fe4", size = 219990, upload-time = "2025-10-09T14:16:53.064Z" }
wheels = [
    { url = "https://files.pythonhosted.org/packages/25/7a/b0178788f8dc6cafce37a212c99565fa1fe7872c70c6c9c1e1a372d9d88f/rich-14.2.0-py3-none-any.whl", hash = "sha256:76bc51fe2e57d2b1be1f96c524b890b816e334ab4c1e45888799bfaab0021edd", size = 243393, upload-time = "2025-10-09T14:16:51.245Z" },
]

[[package]]
name = "shellingham"
version = "1.5.4"
source = { registry = "https://pypi.org/simple" }
sdist = { url = "https://files.pythonhosted.org/packages/58/15/8b3609fd3830ef7b27b655beb4b4e9c62313a4e8da8c676e142cc210d58e/shellingham-1.5.4.tar.gz", hash = "sha256:8dbca0739d487e5bd35ab3ca4b36e11c4078f3a234bfce294b0a0291363404de", size = 10310, upload-time = "2023-10-24T04:13:40.426Z" }
wheels = [
    { url = "https://files.pythonhosted.org/packages/e0/f9/0595336914c5619e5f28a1fb793285925a8cd4b432c9da0a987836c7f822/shellingham-1.5.4-py2.py3-none-any.whl", hash = "sha256:7ecfff8f2fd72616f7481040475a65b2bf8af90a56c89140852d1120324e8686", size = 9755, upload-time = "2023-10-24T04:13:38.866Z" },
]

[[package]]
name = "typer"
version = "0.19.2"
source = { registry = "https://pypi.org/simple" }
dependencies = [
    { name = "click" },
    { name = "rich" },
    { name = "shellingham" },
    { name = "typing-extensions" },
]
sdist = { url = "https://files.pythonhosted.org/packages/21/ca/950278884e2ca20547ff3eb109478c6baf6b8cf219318e6bc4f666fad8e8/typer-0.19.2.tar.gz", hash = "sha256:9ad824308ded0ad06cc716434705f691d4ee0bfd0fb081839d2e426860e7fdca", size = 104755, upload-time = "2025-09-23T09:47:48.256Z" }
wheels = [
    { url = "https://files.pythonhosted.org/packages/00/22/35617eee79080a5d071d0f14ad698d325ee6b3bf824fc0467c03b30e7fa8/typer-0.19.2-py3-none-any.whl", hash = "sha256:755e7e19670ffad8283db353267cb81ef252f595aa6834a0d1ca9312d9326cb9", size = 46748, upload-time = "2025-09-23T09:47:46.777Z" },
]

[[package]]
name = "typing-extensions"
version = "4.15.0"
source = { registry = "https://pypi.org/simple" }
sdist = { url = "https://files.pythonhosted.org/packages/72/94/1a15dd82efb362ac84269196e94cf00f187f7ed21c242792a923cdb1c61f/typing_extensions-4.15.0.tar.gz", hash = "sha256:0cea48d173cc12fa28ecabc3b837ea3cf6f38c6d1136f85cbaaf598984861466", size = 109391, upload-time = "2025-08-25T13:49:26.313Z" }
wheels = [
    { url = "https://files.pythonhosted.org/packages/18/67/36e9267722cc04a6b9f15c7f3441c2363321a3ea07da7ae0c0707beb2a9c/typing_extensions-4.15.0-py3-none-any.whl", hash = "sha256:f0fa19c6845758ab08074a0cfa8b7aecb71c999ca73d62883bc25cc018c4e548", size = 44614, upload-time = "2025-08-25T13:49:24.86Z" },
]
